
Microsoft Visual Studio Solution File, Format Version 11.00
# Visual Studio 2010
Project("{FAE04EC0-301F-11D3-BF4B-00C04F79EFBC}") = "ArchLib.Windows", "src\ArchLib\ArchLib.Windows.csproj", "{E5CCDCC6-BDF4-4A6E-902F-DB59F1BCD35D}"
EndProject
Project("{FAE04EC0-301F-11D3-BF4B-00C04F79EFBC}") = "ArchLib.Sandbox.Windows", "src\ArchLib.Sandbox\ArchLib.Sandbox.Windows.csproj", "{4AEF965B-8179-4601-B357-1FD9FA94096A}"
EndProject
Global
	GlobalSection(SolutionConfigurationPlatforms) = preSolution
		Debug|Windows = Debug|Windows
		Release|Windows = Release|Windows
	EndGlobalSection
	GlobalSection(ProjectConfigurationPlatforms) = postSolution
		{E5CCDCC6-BDF4-4A6E-902F-DB59F1BCD35D}.Debug|Windows.ActiveCfg = Debug|Windows
		{E5CCDCC6-BDF4-4A6E-902F-DB59F1BCD35D}.Debug|Windows.Build.0 = Debug|Windows
		{E5CCDCC6-BDF4-4A6E-902F-DB59F1BCD35D}.Release|Windows.ActiveCfg = Release|Windows
		{E5CCDCC6-BDF4-4A6E-902F-DB59F1BCD35D}.Release|Windows.Build.0 = Release|Windows
		{4AEF965B-8179-4601-B357-1FD9FA94096A}.Debug|Windows.ActiveCfg = Debug|Windows
		{4AEF965B-8179-4601-B357-1FD9FA94096A}.Debug|Windows.Build.0 = Debug|Windows
		{4AEF965B-8179-4601-B357-1FD9FA94096A}.Release|Windows.ActiveCfg = Release|Windows
		{4AEF965B-8179-4601-B357-1FD9FA94096A}.Release|Windows.Build.0 = Release|Windows
	EndGlobalSection
	GlobalSection(SolutionProperties) = preSolution
		HideSolutionNode = FALSE
	EndGlobalSection
EndGlobal
